
Microsoft Visual Studio Solution File, Format Version 12.00
# Visual Studio Version 16
VisualStudioVersion = 16.0.31911.196
MinimumVisualStudioVersion = 10.0.40219.1
Project("{9A19103F-16F7-4668-BE54-9A1E7A4F7556}") = "ShapesTask", "ShapesTask\ShapesTask.csproj", "{734C505E-C791-47D4-92E2-944493C0936F}"
EndProject
Project("{9A19103F-16F7-4668-BE54-9A1E7A4F7556}") = "VectorTask", "VectorTask\VectorTask.csproj", "{586759AC-EB30-495F-98AC-0A4997AAA87B}"
EndProject
Project("{9A19103F-16F7-4668-BE54-9A1E7A4F7556}") = "ListTask", "ListTask\ListTask.csproj", "{989915AE-C672-494D-801F-C9229C81CDD3}"
EndProject
Project("{FAE04EC0-301F-11D3-BF4B-00C04F79EFBC}") = "ListHome", "ListHome\ListHome.csproj", "{6DAB3911-5AA9-401A-8849-6AD1334C7FA2}"
EndProject
Global
	GlobalSection(SolutionConfigurationPlatforms) = preSolution
		Debug|Any CPU = Debug|Any CPU
		Release|Any CPU = Release|Any CPU
	EndGlobalSection
	GlobalSection(ProjectConfigurationPlatforms) = postSolution
		{734C505E-C791-47D4-92E2-944493C0936F}.Debug|Any CPU.ActiveCfg = Debug|Any CPU
		{734C505E-C791-47D4-92E2-944493C0936F}.Debug|Any CPU.Build.0 = Debug|Any CPU
		{734C505E-C791-47D4-92E2-944493C0936F}.Release|Any CPU.ActiveCfg = Release|Any CPU
		{734C505E-C791-47D4-92E2-944493C0936F}.Release|Any CPU.Build.0 = Release|Any CPU
		{586759AC-EB30-495F-98AC-0A4997AAA87B}.Debug|Any CPU.ActiveCfg = Debug|Any CPU
		{586759AC-EB30-495F-98AC-0A4997AAA87B}.Debug|Any CPU.Build.0 = Debug|Any CPU
		{586759AC-EB30-495F-98AC-0A4997AAA87B}.Release|Any CPU.ActiveCfg = Release|Any CPU
		{586759AC-EB30-495F-98AC-0A4997AAA87B}.Release|Any CPU.Build.0 = Release|Any CPU
		{989915AE-C672-494D-801F-C9229C81CDD3}.Debug|Any CPU.ActiveCfg = Debug|Any CPU
		{989915AE-C672-494D-801F-C9229C81CDD3}.Debug|Any CPU.Build.0 = Debug|Any CPU
		{989915AE-C672-494D-801F-C9229C81CDD3}.Release|Any CPU.ActiveCfg = Release|Any CPU
		{989915AE-C672-494D-801F-C9229C81CDD3}.Release|Any CPU.Build.0 = Release|Any CPU
		{6DAB3911-5AA9-401A-8849-6AD1334C7FA2}.Debug|Any CPU.ActiveCfg = Debug|Any CPU
		{6DAB3911-5AA9-401A-8849-6AD1334C7FA2}.Debug|Any CPU.Build.0 = Debug|Any CPU
		{6DAB3911-5AA9-401A-8849-6AD1334C7FA2}.Release|Any CPU.ActiveCfg = Release|Any CPU
		{6DAB3911-5AA9-401A-8849-6AD1334C7FA2}.Release|Any CPU.Build.0 = Release|Any CPU
	EndGlobalSection
	GlobalSection(SolutionProperties) = preSolution
		HideSolutionNode = FALSE
	EndGlobalSection
	GlobalSection(ExtensibilityGlobals) = postSolution
		SolutionGuid = {B6306143-9528-4D71-A18B-7D1926FA01C5}
	EndGlobalSection
EndGlobal
